// !$*UTF8*$!
{
	archiveVersion = 1;
	classes = {
	};
	objectVersion = 50;
	objects = {

/* Begin PBXBuildFile section */
		338D6A5920E0C2D300CACDBD /* AppDelegate.swift in Sources */ = {isa = PBXBuildFile; fileRef = 338D6A5820E0C2D300CACDBD /* AppDelegate.swift */; };
		338D6A5B20E0C2D300CACDBD /* ViewController.swift in Sources */ = {isa = PBXBuildFile; fileRef = 338D6A5A20E0C2D300CACDBD /* ViewController.swift */; };
		338D6A5E20E0C2D300CACDBD /* Main.storyboard in Resources */ = {isa = PBXBuildFile; fileRef = 338D6A5C20E0C2D300CACDBD /* Main.storyboard */; };
		338D6A6020E0C2D700CACDBD /* Assets.xcassets in Resources */ = {isa = PBXBuildFile; fileRef = 338D6A5F20E0C2D700CACDBD /* Assets.xcassets */; };
		338D6A6320E0C2D700CACDBD /* LaunchScreen.storyboard in Resources */ = {isa = PBXBuildFile; fileRef = 338D6A6120E0C2D700CACDBD /* LaunchScreen.storyboard */; };
		338D6A6E20E0C2D700CACDBD /* TipCalcTests.swift in Sources */ = {isa = PBXBuildFile; fileRef = 338D6A6D20E0C2D700CACDBD /* TipCalcTests.swift */; };
		338D6A7920E0C2D700CACDBD /* TipCalcUITests.swift in Sources */ = {isa = PBXBuildFile; fileRef = 338D6A7820E0C2D700CACDBD /* TipCalcUITests.swift */; };
/* End PBXBuildFile section */

/* Begin PBXContainerItemProxy section */
		338D6A6A20E0C2D700CACDBD /* PBXContainerItemProxy */ = {
			isa = PBXContainerItemProxy;
			containerPortal = 338D6A4D20E0C2D200CACDBD /* Project object */;
			proxyType = 1;
			remoteGlobalIDString = 338D6A5420E0C2D300CACDBD;
			remoteInfo = TipCalc;
		};
		338D6A7520E0C2D700CACDBD /* PBXContainerItemProxy */ = {
			isa = PBXContainerItemProxy;
			containerPortal = 338D6A4D20E0C2D200CACDBD /* Project object */;
			proxyType = 1;
			remoteGlobalIDString = 338D6A5420E0C2D300CACDBD;
			remoteInfo = TipCalc;
		};
/* End PBXContainerItemProxy section */

/* Begin PBXFileReference section */
		338D6A5520E0C2D300CACDBD /* TipCalc.app */ = {isa = PBXFileReference; explicitFileType = wrapper.application; includeInIndex = 0; path = TipCalc.app; sourceTree = BUILT_PRODUCTS_DIR; };
		338D6A5820E0C2D300CACDBD /* AppDelegate.swift */ = {isa = PBXFileReference; lastKnownFileType = sourcecode.swift; path = AppDelegate.swift; sourceTree = "<group>"; };
		338D6A5A20E0C2D300CACDBD /* ViewController.swift */ = {isa = PBXFileReference; lastKnownFileType = sourcecode.swift; path = ViewController.swift; sourceTree = "<group>"; };
		338D6A5D20E0C2D300CACDBD /* Base */ = {isa = PBXFileReference; lastKnownFileType = file.storyboard; name = Base; path = Base.lproj/Main.storyboard; sourceTree = "<group>"; };
		338D6A5F20E0C2D700CACDBD /* Assets.xcassets */ = {isa = PBXFileReference; lastKnownFileType = folder.assetcatalog; path = Assets.xcassets; sourceTree = "<group>"; };
		338D6A6220E0C2D700CACDBD /* Base */ = {isa = PBXFileReference; lastKnownFileType = file.storyboard; name = Base; path = Base.lproj/LaunchScreen.storyboard; sourceTree = "<group>"; };
		338D6A6420E0C2D700CACDBD /* Info.plist */ = {isa = PBXFileReference; lastKnownFileType = text.plist.xml; path = Info.plist; sourceTree = "<group>"; };
		338D6A6920E0C2D700CACDBD /* TipCalcTests.xctest */ = {isa = PBXFileReference; explicitFileType = wrapper.cfbundle; includeInIndex = 0; path = TipCalcTests.xctest; sourceTree = BUILT_PRODUCTS_DIR; };
		338D6A6D20E0C2D700CACDBD /* TipCalcTests.swift */ = {isa = PBXFileReference; lastKnownFileType = sourcecode.swift; path = TipCalcTests.swift; sourceTree = "<group>"; };
		338D6A6F20E0C2D700CACDBD /* Info.plist */ = {isa = PBXFileReference; lastKnownFileType = text.plist.xml; path = Info.plist; sourceTree = "<group>"; };
		338D6A7420E0C2D700CACDBD /* TipCalcUITests.xctest */ = {isa = PBXFileReference; explicitFileType = wrapper.cfbundle; includeInIndex = 0; path = TipCalcUITests.xctest; sourceTree = BUILT_PRODUCTS_DIR; };
		338D6A7820E0C2D700CACDBD /* TipCalcUITests.swift */ = {isa = PBXFileReference; lastKnownFileType = sourcecode.swift; path = TipCalcUITests.swift; sourceTree = "<group>"; };
		338D6A7A20E0C2D700CACDBD /* Info.plist */ = {isa = PBXFileReference; lastKnownFileType = text.plist.xml; path = Info.plist; sourceTree = "<group>"; };
/* End PBXFileReference section */

/* Begin PBXFrameworksBuildPhase section */
		338D6A5220E0C2D300CACDBD /* Frameworks */ = {
			isa = PBXFrameworksBuildPhase;
			buildActionMask = 2147483647;
			files = (
			);
			runOnlyForDeploymentPostprocessing = 0;
		};
		338D6A6620E0C2D700CACDBD /* Frameworks */ = {
			isa = PBXFrameworksBuildPhase;
			buildActionMask = 2147483647;
			files = (
			);
			runOnlyForDeploymentPostprocessing = 0;
		};
		338D6A7120E0C2D700CACDBD /* Frameworks */ = {
			isa = PBXFrameworksBuildPhase;
			buildActionMask = 2147483647;
			files = (
			);
			runOnlyForDeploymentPostprocessing = 0;
		};
/* End PBXFrameworksBuildPhase section */

/* Begin PBXGroup section */
		338D6A4C20E0C2D200CACDBD = {
			isa = PBXGroup;
			children = (
				338D6A5720E0C2D300CACDBD /* TipCalc */,
				338D6A6C20E0C2D700CACDBD /* TipCalcTests */,
				338D6A7720E0C2D700CACDBD /* TipCalcUITests */,
				338D6A5620E0C2D300CACDBD /* Products */,
			);
			sourceTree = "<group>";
		};
		338D6A5620E0C2D300CACDBD /* Products */ = {
			isa = PBXGroup;
			children = (
				338D6A5520E0C2D300CACDBD /* TipCalc.app */,
				338D6A6920E0C2D700CACDBD /* TipCalcTests.xctest */,
				338D6A7420E0C2D700CACDBD /* TipCalcUITests.xctest */,
			);
			name = Products;
			sourceTree = "<group>";
		};
		338D6A5720E0C2D300CACDBD /* TipCalc */ = {
			isa = PBXGroup;
			children = (
				338D6A5820E0C2D300CACDBD /* AppDelegate.swift */,
				338D6A5A20E0C2D300CACDBD /* ViewController.swift */,
				338D6A5C20E0C2D300CACDBD /* Main.storyboard */,
				338D6A5F20E0C2D700CACDBD /* Assets.xcassets */,
				338D6A6120E0C2D700CACDBD /* LaunchScreen.storyboard */,
				338D6A6420E0C2D700CACDBD /* Info.plist */,
			);
			path = TipCalc;
			sourceTree = "<group>";
		};
		338D6A6C20E0C2D700CACDBD /* TipCalcTests */ = {
			isa = PBXGroup;
			children = (
				338D6A6D20E0C2D700CACDBD /* TipCalcTests.swift */,
				338D6A6F20E0C2D700CACDBD /* Info.plist */,
			);
			path = TipCalcTests;
			sourceTree = "<group>";
		};
		338D6A7720E0C2D700CACDBD /* TipCalcUITests */ = {
			isa = PBXGroup;
			children = (
				338D6A7820E0C2D700CACDBD /* TipCalcUITests.swift */,
				338D6A7A20E0C2D700CACDBD /* Info.plist */,
			);
			path = TipCalcUITests;
			sourceTree = "<group>";
		};
/* End PBXGroup section */

/* Begin PBXNativeTarget section */
		338D6A5420E0C2D300CACDBD /* TipCalc */ = {
			isa = PBXNativeTarget;
			buildConfigurationList = 338D6A7D20E0C2D700CACDBD /* Build configuration list for PBXNativeTarget "TipCalc" */;
			buildPhases = (
				338D6A5120E0C2D300CACDBD /* Sources */,
				338D6A5220E0C2D300CACDBD /* Frameworks */,
				338D6A5320E0C2D300CACDBD /* Resources */,
			);
			buildRules = (
			);
			dependencies = (
			);
			name = TipCalc;
			productName = TipCalc;
			productReference = 338D6A5520E0C2D300CACDBD /* TipCalc.app */;
			productType = "com.apple.product-type.application";
		};
		338D6A6820E0C2D700CACDBD /* TipCalcTests */ = {
			isa = PBXNativeTarget;
			buildConfigurationList = 338D6A8020E0C2D700CACDBD /* Build configuration list for PBXNativeTarget "TipCalcTests" */;
			buildPhases = (
				338D6A6520E0C2D700CACDBD /* Sources */,
				338D6A6620E0C2D700CACDBD /* Frameworks */,
				338D6A6720E0C2D700CACDBD /* Resources */,
			);
			buildRules = (
			);
			dependencies = (
				338D6A6B20E0C2D700CACDBD /* PBXTargetDependency */,
			);
			name = TipCalcTests;
			productName = TipCalcTests;
			productReference = 338D6A6920E0C2D700CACDBD /* TipCalcTests.xctest */;
			productType = "com.apple.product-type.bundle.unit-test";
		};
		338D6A7320E0C2D700CACDBD /* TipCalcUITests */ = {
			isa = PBXNativeTarget;
			buildConfigurationList = 338D6A8320E0C2D700CACDBD /* Build configuration list for PBXNativeTarget "TipCalcUITests" */;
			buildPhases = (
				338D6A7020E0C2D700CACDBD /* Sources */,
				338D6A7120E0C2D700CACDBD /* Frameworks */,
				338D6A7220E0C2D700CACDBD /* Resources */,
			);
			buildRules = (
			);
			dependencies = (
				338D6A7620E0C2D700CACDBD /* PBXTargetDependency */,
			);
			name = TipCalcUITests;
			productName = TipCalcUITests;
			productReference = 338D6A7420E0C2D700CACDBD /* TipCalcUITests.xctest */;
			productType = "com.apple.product-type.bundle.ui-testing";
		};
/* End PBXNativeTarget section */

/* Begin PBXProject section */
		338D6A4D20E0C2D200CACDBD /* Project object */ = {
			isa = PBXProject;
			attributes = {
				LastSwiftUpdateCheck = 0940;
				LastUpgradeCheck = 0940;
				ORGANIZATIONNAME = "Sumaita H.";
				TargetAttributes = {
					338D6A5420E0C2D300CACDBD = {
						CreatedOnToolsVersion = 9.4.1;
					};
					338D6A6820E0C2D700CACDBD = {
						CreatedOnToolsVersion = 9.4.1;
						TestTargetID = 338D6A5420E0C2D300CACDBD;
					};
					338D6A7320E0C2D700CACDBD = {
						CreatedOnToolsVersion = 9.4.1;
						TestTargetID = 338D6A5420E0C2D300CACDBD;
					};
				};
			};
			buildConfigurationList = 338D6A5020E0C2D200CACDBD /* Build configuration list for PBXProject "TipCalc" */;
			compatibilityVersion = "Xcode 9.3";
			developmentRegion = en;
			hasScannedForEncodings = 0;
			knownRegions = (
				en,
				Base,
			);
			mainGroup = 338D6A4C20E0C2D200CACDBD;
			productRefGroup = 338D6A5620E0C2D300CACDBD /* Products */;
			projectDirPath = "";
			projectRoot = "";
			targets = (
				338D6A5420E0C2D300CACDBD /* TipCalc */,
				338D6A6820E0C2D700CACDBD /* TipCalcTests */,
				338D6A7320E0C2D700CACDBD /* TipCalcUITests */,
			);
		};
/* End PBXProject section */

/* Begin PBXResourcesBuildPhase section */
		338D6A5320E0C2D300CACDBD /* Resources */ = {
			isa = PBXResourcesBuildPhase;
			buildActionMask = 2147483647;
			files = (
				338D6A6320E0C2D700CACDBD /* LaunchScreen.storyboard in Resources */,
				338D6A6020E0C2D700CACDBD /* Assets.xcassets in Resources */,
				338D6A5E20E0C2D300CACDBD /* Main.storyboard in Resources */,
			);
			runOnlyForDeploymentPostprocessing = 0;
		};
		338D6A6720E0C2D700CACDBD /* Resources */ = {
			isa = PBXResourcesBuildPhase;
			buildActionMask = 2147483647;
			files = (
			);
			runOnlyForDeploymentPostprocessing = 0;
		};
		338D6A7220E0C2D700CACDBD /* Resources */ = {
			isa = PBXResourcesBuildPhase;
			buildActionMask = 2147483647;
			files = (
			);
			runOnlyForDeploymentPostprocessing = 0;
		};
/* End PBXResourcesBuildPhase section */

/* Begin PBXSourcesBuildPhase section */
		338D6A5120E0C2D300CACDBD /* Sources */ = {
			isa = PBXSourcesBuildPhase;
			buildActionMask = 2147483647;
			files = (
				338D6A5B20E0C2D300CACDBD /* ViewController.swift in Sources */,
				338D6A5920E0C2D300CACDBD /* AppDelegate.swift in Sources */,
			);
			runOnlyForDeploymentPostprocessing = 0;
		};
		338D6A6520E0C2D700CACDBD /* Sources */ = {
			isa = PBXSourcesBuildPhase;
			buildActionMask = 2147483647;
			files = (
				338D6A6E20E0C2D700CACDBD /* TipCalcTests.swift in Sources */,
			);
			runOnlyForDeploymentPostprocessing = 0;
		};
		338D6A7020E0C2D700CACDBD /* Sources */ = {
			isa = PBXSourcesBuildPhase;
			buildActionMask = 2147483647;
			files = (
				338D6A7920E0C2D700CACDBD /* TipCalcUITests.swift in Sources */,
			);
			runOnlyForDeploymentPostprocessing = 0;
		};
/* End PBXSourcesBuildPhase section */

/* Begin PBXTargetDependency section */
		338D6A6B20E0C2D700CACDBD /* PBXTargetDependency */ = {
			isa = PBXTargetDependency;
			target = 338D6A5420E0C2D300CACDBD /* TipCalc */;
			targetProxy = 338D6A6A20E0C2D700CACDBD /* PBXContainerItemProxy */;
		};
		338D6A7620E0C2D700CACDBD /* PBXTargetDependency */ = {
			isa = PBXTargetDependency;
			target = 338D6A5420E0C2D300CACDBD /* TipCalc */;
			targetProxy = 338D6A7520E0C2D700CACDBD /* PBXContainerItemProxy */;
		};
/* End PBXTargetDependency section */

/* Begin PBXVariantGroup section */
		338D6A5C20E0C2D300CACDBD /* Main.storyboard */ = {
			isa = PBXVariantGroup;
			children = (
				338D6A5D20E0C2D300CACDBD /* Base */,
			);
			name = Main.storyboard;
			sourceTree = "<group>";
		};
		338D6A6120E0C2D700CACDBD /* LaunchScreen.storyboard */ = {
			isa = PBXVariantGroup;
			children = (
				338D6A6220E0C2D700CACDBD /* Base */,
			);
			name = LaunchScreen.storyboard;
			sourceTree = "<group>";
		};
/* End PBXVariantGroup section */

/* Begin XCBuildConfiguration section */
		338D6A7B20E0C2D700CACDBD /* Debug */ = {
			isa = XCBuildConfiguration;
			buildSettings = {
				ALWAYS_SEARCH_USER_PATHS = NO;
				CLANG_ANALYZER_NONNULL = YES;
				CLANG_ANALYZER_NUMBER_OBJECT_CONVERSION = YES_AGGRESSIVE;
				CLANG_CXX_LANGUAGE_STANDARD = "gnu++14";
				CLANG_CXX_LIBRARY = "libc++";
				CLANG_ENABLE_MODULES = YES;
				CLANG_ENABLE_OBJC_ARC = YES;
				CLANG_ENABLE_OBJC_WEAK = YES;
				CLANG_WARN_BLOCK_CAPTURE_AUTORELEASING = YES;
				CLANG_WARN_BOOL_CONVERSION = YES;
				CLANG_WARN_COMMA = YES;
				CLANG_WARN_CONSTANT_CONVERSION = YES;
				CLANG_WARN_DEPRECATED_OBJC_IMPLEMENTATIONS = YES;
				CLANG_WARN_DIRECT_OBJC_ISA_USAGE = YES_ERROR;
				CLANG_WARN_DOCUMENTATION_COMMENTS = YES;
				CLANG_WARN_EMPTY_BODY = YES;
				CLANG_WARN_ENUM_CONVERSION = YES;
				CLANG_WARN_INFINITE_RECURSION = YES;
				CLANG_WARN_INT_CONVERSION = YES;
				CLANG_WARN_NON_LITERAL_NULL_CONVERSION = YES;
				CLANG_WARN_OBJC_IMPLICIT_RETAIN_SELF = YES;
				CLANG_WARN_OBJC_LITERAL_CONVERSION = YES;
				CLANG_WARN_OBJC_ROOT_CLASS = YES_ERROR;
				CLANG_WARN_RANGE_LOOP_ANALYSIS = YES;
				CLANG_WARN_STRICT_PROTOTYPES = YES;
				CLANG_WARN_SUSPICIOUS_MOVE = YES;
				CLANG_WARN_UNGUARDED_AVAILABILITY = YES_AGGRESSIVE;
				CLANG_WARN_UNREACHABLE_CODE = YES;
				CLANG_WARN__DUPLICATE_METHOD_MATCH = YES;
				CODE_SIGN_IDENTITY = "iPhone Developer";
				COPY_PHASE_STRIP = NO;
				DEBUG_INFORMATION_FORMAT = dwarf;
				ENABLE_STRICT_OBJC_MSGSEND = YES;
				ENABLE_TESTABILITY = YES;
				GCC_C_LANGUAGE_STANDARD = gnu11;
				GCC_DYNAMIC_NO_PIC = NO;
				GCC_NO_COMMON_BLOCKS = YES;
				GCC_OPTIMIZATION_LEVEL = 0;
				GCC_PREPROCESSOR_DEFINITIONS = (
					"DEBUG=1",
					"$(inherited)",
				);
				GCC_WARN_64_TO_32_BIT_CONVERSION = YES;
				GCC_WARN_ABOUT_RETURN_TYPE = YES_ERROR;
				GCC_WARN_UNDECLARED_SELECTOR = YES;
				GCC_WARN_UNINITIALIZED_AUTOS = YES_AGGRESSIVE;
				GCC_WARN_UNUSED_FUNCTION = YES;
				GCC_WARN_UNUSED_VARIABLE = YES;
				IPHONEOS_DEPLOYMENT_TARGET = 11.4;
				MTL_ENABLE_DEBUG_INFO = YES;
				ONLY_ACTIVE_ARCH = YES;
				SDKROOT = iphoneos;
				SWIFT_ACTIVE_COMPILATION_CONDITIONS = DEBUG;
				SWIFT_OPTIMIZATION_LEVEL = "-Onone";
			};
			name = Debug;
		};
		338D6A7C20E0C2D700CACDBD /* Release */ = {
			isa = XCBuildConfiguration;
			buildSettings = {
				ALWAYS_SEARCH_USER_PATHS = NO;
				CLANG_ANALYZER_NONNULL = YES;
				CLANG_ANALYZER_NUMBER_OBJECT_CONVERSION = YES_AGGRESSIVE;
				CLANG_CXX_LANGUAGE_STANDARD = "gnu++14";
				CLANG_CXX_LIBRARY = "libc++";
				CLANG_ENABLE_MODULES = YES;
				CLANG_ENABLE_OBJC_ARC = YES;
				CLANG_ENABLE_OBJC_WEAK = YES;
				CLANG_WARN_BLOCK_CAPTURE_AUTORELEASING = YES;
				CLANG_WARN_BOOL_CONVERSION = YES;
				CLANG_WARN_COMMA = YES;
				CLANG_WARN_CONSTANT_CONVERSION = YES;
				CLANG_WARN_DEPRECATED_OBJC_IMPLEMENTATIONS = YES;
				CLANG_WARN_DIRECT_OBJC_ISA_USAGE = YES_ERROR;
				CLANG_WARN_DOCUMENTATION_COMMENTS = YES;
				CLANG_WARN_EMPTY_BODY = YES;
				CLANG_WARN_ENUM_CONVERSION = YES;
				CLANG_WARN_INFINITE_RECURSION = YES;
				CLANG_WARN_INT_CONVERSION = YES;
				CLANG_WARN_NON_LITERAL_NULL_CONVERSION = YES;
				CLANG_WARN_OBJC_IMPLICIT_RETAIN_SELF = YES;
				CLANG_WARN_OBJC_LITERAL_CONVERSION = YES;
				CLANG_WARN_OBJC_ROOT_CLASS = YES_ERROR;
				CLANG_WARN_RANGE_LOOP_ANALYSIS = YES;
				CLANG_WARN_STRICT_PROTOTYPES = YES;
				CLANG_WARN_SUSPICIOUS_MOVE = YES;
				CLANG_WARN_UNGUARDED_AVAILABILITY = YES_AGGRESSIVE;
				CLANG_WARN_UNREACHABLE_CODE = YES;
				CLANG_WARN__DUPLICATE_METHOD_MATCH = YES;
				CODE_SIGN_IDENTITY = "iPhone Developer";
				COPY_PHASE_STRIP = NO;
				DEBUG_INFORMATION_FORMAT = "dwarf-with-dsym";
				ENABLE_NS_ASSERTIONS = NO;
				ENABLE_STRICT_OBJC_MSGSEND = YES;
				GCC_C_LANGUAGE_STANDARD = gnu11;
				GCC_NO_COMMON_BLOCKS = YES;
				GCC_WARN_64_TO_32_BIT_CONVERSION = YES;
				GCC_WARN_ABOUT_RETURN_TYPE = YES_ERROR;
				GCC_WARN_UNDECLARED_SELECTOR = YES;
				GCC_WARN_UNINITIALIZED_AUTOS = YES_AGGRESSIVE;
				GCC_WARN_UNUSED_FUNCTION = YES;
				GCC_WARN_UNUSED_VARIABLE = YES;
				IPHONEOS_DEPLOYMENT_TARGET = 11.4;
				MTL_ENABLE_DEBUG_INFO = NO;
				SDKROOT = iphoneos;
				SWIFT_COMPILATION_MODE = wholemodule;
				SWIFT_OPTIMIZATION_LEVEL = "-O";
				VALIDATE_PRODUCT = YES;
			};
			name = Release;
		};
		338D6A7E20E0C2D700CACDBD /* Debug */ = {
			isa = XCBuildConfiguration;
			buildSettings = {
				ASSETCATALOG_COMPILER_APPICON_NAME = AppIcon;
				CODE_SIGN_IDENTITY = "iPhone Developer";
				CODE_SIGN_STYLE = Automatic;
				DEVELOPMENT_TEAM = AFLJU37FYZ;
				INFOPLIST_FILE = TipCalc/Info.plist;
				LD_RUNPATH_SEARCH_PATHS = (
					"$(inherited)",
					"@executable_path/Frameworks",
				);
				PRODUCT_BUNDLE_IDENTIFIER = CodePath.TipCalc;
				PRODUCT_NAME = "$(TARGET_NAME)";
				PROVISIONING_PROFILE_SPECIFIER = "";
				SWIFT_VERSION = 4.0;
				TARGETED_DEVICE_FAMILY = "1,2";
			};
			name = Debug;
		};
		338D6A7F20E0C2D700CACDBD /* Release */ = {
			isa = XCBuildConfiguration;
			buildSettings = {
				ASSETCATALOG_COMPILER_APPICON_NAME = AppIcon;
				CODE_SIGN_IDENTITY = "iPhone Developer";
				CODE_SIGN_STYLE = Automatic;
				DEVELOPMENT_TEAM = AFLJU37FYZ;
				INFOPLIST_FILE = TipCalc/Info.plist;
				LD_RUNPATH_SEARCH_PATHS = (
					"$(inherited)",
					"@executable_path/Frameworks",
				);
				PRODUCT_BUNDLE_IDENTIFIER = CodePath.TipCalc;
				PRODUCT_NAME = "$(TARGET_NAME)";
				PROVISIONING_PROFILE_SPECIFIER = "";
				SWIFT_VERSION = 4.0;
				TARGETED_DEVICE_FAMILY = "1,2";
			};
			name = Release;
		};
		338D6A8120E0C2D700CACDBD /* Debug */ = {
			isa = XCBuildConfiguration;
			buildSettings = {
				ALWAYS_EMBED_SWIFT_STANDARD_LIBRARIES = YES;
				BUNDLE_LOADER = "$(TEST_HOST)";
				CODE_SIGN_STYLE = Automatic;
				INFOPLIST_FILE = TipCalcTests/Info.plist;
				LD_RUNPATH_SEARCH_PATHS = (
					"$(inherited)",
					"@executable_path/Frameworks",
					"@loader_path/Frameworks",
				);
				PRODUCT_BUNDLE_IDENTIFIER = CodePath.TipCalcTests;
				PRODUCT_NAME = "$(TARGET_NAME)";
				SWIFT_VERSION = 4.0;
				TARGETED_DEVICE_FAMILY = "1,2";
				TEST_HOST = "$(BUILT_PRODUCTS_DIR)/TipCalc.app/TipCalc";
			};
			name = Debug;
		};
		338D6A8220E0C2D700CACDBD /* Release */ = {
			isa = XCBuildConfiguration;
			buildSettings = {
				ALWAYS_EMBED_SWIFT_STANDARD_LIBRARIES = YES;
				BUNDLE_LOADER = "$(TEST_HOST)";
				CODE_SIGN_STYLE = Automatic;
				INFOPLIST_FILE = TipCalcTests/Info.plist;
				LD_RUNPATH_SEARCH_PATHS = (
					"$(inherited)",
					"@executable_path/Frameworks",
					"@loader_path/Frameworks",
				);
				PRODUCT_BUNDLE_IDENTIFIER = CodePath.TipCalcTests;
				PRODUCT_NAME = "$(TARGET_NAME)";
				SWIFT_VERSION = 4.0;
				TARGETED_DEVICE_FAMILY = "1,2";
				TEST_HOST = "$(BUILT_PRODUCTS_DIR)/TipCalc.app/TipCalc";
			};
			name = Release;
		};
		338D6A8420E0C2D700CACDBD /* Debug */ = {
			isa = XCBuildConfiguration;
			buildSettings = {
				ALWAYS_EMBED_SWIFT_STANDARD_LIBRARIES = YES;
				CODE_SIGN_STYLE = Automatic;
				INFOPLIST_FILE = TipCalcUITests/Info.plist;
				LD_RUNPATH_SEARCH_PATHS = (
					"$(inherited)",
					"@executable_path/Frameworks",
					"@loader_path/Frameworks",
				);
				PRODUCT_BUNDLE_IDENTIFIER = CodePath.TipCalcUITests;
				PRODUCT_NAME = "$(TARGET_NAME)";
				SWIFT_VERSION = 4.0;
				TARGETED_DEVICE_FAMILY = "1,2";
				TEST_TARGET_NAME = TipCalc;
			};
			name = Debug;
		};
		338D6A8520E0C2D700CACDBD /* Release */ = {
			isa = XCBuildConfiguration;
			buildSettings = {
				ALWAYS_EMBED_SWIFT_STANDARD_LIBRARIES = YES;
				CODE_SIGN_STYLE = Automatic;
				INFOPLIST_FILE = TipCalcUITests/Info.plist;
				LD_RUNPATH_SEARCH_PATHS = (
					"$(inherited)",
					"@executable_path/Frameworks",
					"@loader_path/Frameworks",
				);
				PRODUCT_BUNDLE_IDENTIFIER = CodePath.TipCalcUITests;
				PRODUCT_NAME = "$(TARGET_NAME)";
				SWIFT_VERSION = 4.0;
				TARGETED_DEVICE_FAMILY = "1,2";
				TEST_TARGET_NAME = TipCalc;
			};
			name = Release;
		};
/* End XCBuildConfiguration section */

/* Begin XCConfigurationList section */
		338D6A5020E0C2D200CACDBD /* Build configuration list for PBXProject "TipCalc" */ = {
			isa = XCConfigurationList;
			buildConfigurations = (
				338D6A7B20E0C2D700CACDBD /* Debug */,
				338D6A7C20E0C2D700CACDBD /* Release */,
			);
			defaultConfigurationIsVisible = 0;
			defaultConfigurationName = Release;
		};
		338D6A7D20E0C2D700CACDBD /* Build configuration list for PBXNativeTarget "TipCalc" */ = {
			isa = XCConfigurationList;
			buildConfigurations = (
				338D6A7E20E0C2D700CACDBD /* Debug */,
				338D6A7F20E0C2D700CACDBD /* Release */,
			);
			defaultConfigurationIsVisible = 0;
			defaultConfigurationName = Release;
		};
		338D6A8020E0C2D700CACDBD /* Build configuration list for PBXNativeTarget "TipCalcTests" */ = {
			isa = XCConfigurationList;
			buildConfigurations = (
				338D6A8120E0C2D700CACDBD /* Debug */,
				338D6A8220E0C2D700CACDBD /* Release */,
			);
			defaultConfigurationIsVisible = 0;
			defaultConfigurationName = Release;
		};
		338D6A8320E0C2D700CACDBD /* Build configuration list for PBXNativeTarget "TipCalcUITests" */ = {
			isa = XCConfigurationList;
			buildConfigurations = (
				338D6A8420E0C2D700CACDBD /* Debug */,
				338D6A8520E0C2D700CACDBD /* Release */,
			);
			defaultConfigurationIsVisible = 0;
			defaultConfigurationName = Release;
		};
/* End XCConfigurationList section */
	};
	rootObject = 338D6A4D20E0C2D200CACDBD /* Project object */;
}
